
Microsoft Visual Studio Solution File, Format Version 12.00
# Visual Studio Version 17
VisualStudioVersion = 17.10.35027.167
MinimumVisualStudioVersion = 10.0.40219.1
Project("{9A19103F-16F7-4668-BE54-9A1E7A4F7556}") = "RazorClassLibrary1", "RazorClassLibrary1\RazorClassLibrary1.csproj", "{EAC32FF3-D2CA-4623-8FAF-F1F1508A57E6}"
EndProject
Project("{9A19103F-16F7-4668-BE54-9A1E7A4F7556}") = "BlazorWebApp", "BlazorWebApp\BlazorWebApp.csproj", "{40C53E3D-8631-4ED2-9346-56862717FC9B}"
EndProject
Project("{9A19103F-16F7-4668-BE54-9A1E7A4F7556}") = "BlazorWebAssemblyApp", "BlazorWebAssemblyApp\BlazorWebAssemblyApp.csproj", "{394B8AB2-8ED5-4A80-A9E9-46F2296EC516}"
EndProject
Global
	GlobalSection(SolutionConfigurationPlatforms) = preSolution
		Debug|Any CPU = Debug|Any CPU
		Release|Any CPU = Release|Any CPU
	EndGlobalSection
	GlobalSection(ProjectConfigurationPlatforms) = postSolution
		{EAC32FF3-D2CA-4623-8FAF-F1F1508A57E6}.Debug|Any CPU.ActiveCfg = Debug|Any CPU
		{EAC32FF3-D2CA-4623-8FAF-F1F1508A57E6}.Debug|Any CPU.Build.0 = Debug|Any CPU
		{EAC32FF3-D2CA-4623-8FAF-F1F1508A57E6}.Release|Any CPU.ActiveCfg = Release|Any CPU
		{EAC32FF3-D2CA-4623-8FAF-F1F1508A57E6}.Release|Any CPU.Build.0 = Release|Any CPU
		{40C53E3D-8631-4ED2-9346-56862717FC9B}.Debug|Any CPU.ActiveCfg = Debug|Any CPU
		{40C53E3D-8631-4ED2-9346-56862717FC9B}.Debug|Any CPU.Build.0 = Debug|Any CPU
		{40C53E3D-8631-4ED2-9346-56862717FC9B}.Release|Any CPU.ActiveCfg = Release|Any CPU
		{40C53E3D-8631-4ED2-9346-56862717FC9B}.Release|Any CPU.Build.0 = Release|Any CPU
		{394B8AB2-8ED5-4A80-A9E9-46F2296EC516}.Debug|Any CPU.ActiveCfg = Debug|Any CPU
		{394B8AB2-8ED5-4A80-A9E9-46F2296EC516}.Debug|Any CPU.Build.0 = Debug|Any CPU
		{394B8AB2-8ED5-4A80-A9E9-46F2296EC516}.Release|Any CPU.ActiveCfg = Release|Any CPU
		{394B8AB2-8ED5-4A80-A9E9-46F2296EC516}.Release|Any CPU.Build.0 = Release|Any CPU
	EndGlobalSection
	GlobalSection(SolutionProperties) = preSolution
		HideSolutionNode = FALSE
	EndGlobalSection
	GlobalSection(ExtensibilityGlobals) = postSolution
		SolutionGuid = {053C30C1-0625-486A-A9C6-92C3F605CBF4}
	EndGlobalSection
EndGlobal
